
Microsoft Visual Studio Solution File, Format Version 12.00
Project("{FAE04EC0-301F-11D3-BF4B-00C04F79EFBC}") = "FlowkaServer", "FlowkaServer\FlowkaServer.csproj", "{00B85807-E466-4D8B-B6F8-C461A80BD351}"
EndProject
Project("{FAE04EC0-301F-11D3-BF4B-00C04F79EFBC}") = "FlowkaDbContext", "FlowkaDbContext\FlowkaDbContext.csproj", "{8B92A02E-C55D-49FD-9CDE-62C1D6529DD8}"
EndProject
Global
	GlobalSection(SolutionConfigurationPlatforms) = preSolution
		Debug|Any CPU = Debug|Any CPU
		Release|Any CPU = Release|Any CPU
	EndGlobalSection
	GlobalSection(ProjectConfigurationPlatforms) = postSolution
		{00B85807-E466-4D8B-B6F8-C461A80BD351}.Debug|Any CPU.ActiveCfg = Debug|Any CPU
		{00B85807-E466-4D8B-B6F8-C461A80BD351}.Debug|Any CPU.Build.0 = Debug|Any CPU
		{00B85807-E466-4D8B-B6F8-C461A80BD351}.Release|Any CPU.ActiveCfg = Release|Any CPU
		{00B85807-E466-4D8B-B6F8-C461A80BD351}.Release|Any CPU.Build.0 = Release|Any CPU
		{8B92A02E-C55D-49FD-9CDE-62C1D6529DD8}.Debug|Any CPU.ActiveCfg = Debug|Any CPU
		{8B92A02E-C55D-49FD-9CDE-62C1D6529DD8}.Debug|Any CPU.Build.0 = Debug|Any CPU
		{8B92A02E-C55D-49FD-9CDE-62C1D6529DD8}.Release|Any CPU.ActiveCfg = Release|Any CPU
		{8B92A02E-C55D-49FD-9CDE-62C1D6529DD8}.Release|Any CPU.Build.0 = Release|Any CPU
	EndGlobalSection
EndGlobal
